// !$*UTF8*$!
{
	archiveVersion = 1;
	classes = {
	};
	objectVersion = 50;
	objects = {

/* Begin PBXBuildFile section */
		3888B66521E3518000CAD714 /* AppDelegate.swift in Sources */ = {isa = PBXBuildFile; fileRef = 3888B66421E3518000CAD714 /* AppDelegate.swift */; };
		3888B66721E3518000CAD714 /* ViewController.swift in Sources */ = {isa = PBXBuildFile; fileRef = 3888B66621E3518000CAD714 /* ViewController.swift */; };
		3888B66A21E3518000CAD714 /* Main.storyboard in Resources */ = {isa = PBXBuildFile; fileRef = 3888B66821E3518000CAD714 /* Main.storyboard */; };
		3888B66C21E3518100CAD714 /* Assets.xcassets in Resources */ = {isa = PBXBuildFile; fileRef = 3888B66B21E3518100CAD714 /* Assets.xcassets */; };
		3888B66F21E3518100CAD714 /* LaunchScreen.storyboard in Resources */ = {isa = PBXBuildFile; fileRef = 3888B66D21E3518100CAD714 /* LaunchScreen.storyboard */; };
		3888B67721E353AD00CAD714 /* MasterViewController.swift in Sources */ = {isa = PBXBuildFile; fileRef = 3888B67621E353AD00CAD714 /* MasterViewController.swift */; };
		3888B67921E356A600CAD714 /* DetailViewController.swift in Sources */ = {isa = PBXBuildFile; fileRef = 3888B67821E356A600CAD714 /* DetailViewController.swift */; };
		3888B67B21E3599000CAD714 /* Monster.swift in Sources */ = {isa = PBXBuildFile; fileRef = 3888B67A21E3599000CAD714 /* Monster.swift */; };
/* End PBXBuildFile section */

/* Begin PBXFileReference section */
		3888B66121E3518000CAD714 /* MathMonsters.app */ = {isa = PBXFileReference; explicitFileType = wrapper.application; includeInIndex = 0; path = MathMonsters.app; sourceTree = BUILT_PRODUCTS_DIR; };
		3888B66421E3518000CAD714 /* AppDelegate.swift */ = {isa = PBXFileReference; lastKnownFileType = sourcecode.swift; path = AppDelegate.swift; sourceTree = "<group>"; };
		3888B66621E3518000CAD714 /* ViewController.swift */ = {isa = PBXFileReference; lastKnownFileType = sourcecode.swift; path = ViewController.swift; sourceTree = "<group>"; };
		3888B66921E3518000CAD714 /* Base */ = {isa = PBXFileReference; lastKnownFileType = file.storyboard; name = Base; path = Base.lproj/Main.storyboard; sourceTree = "<group>"; };
		3888B66B21E3518100CAD714 /* Assets.xcassets */ = {isa = PBXFileReference; lastKnownFileType = folder.assetcatalog; path = Assets.xcassets; sourceTree = "<group>"; };
		3888B66E21E3518100CAD714 /* Base */ = {isa = PBXFileReference; lastKnownFileType = file.storyboard; name = Base; path = Base.lproj/LaunchScreen.storyboard; sourceTree = "<group>"; };
		3888B67021E3518100CAD714 /* Info.plist */ = {isa = PBXFileReference; lastKnownFileType = text.plist.xml; path = Info.plist; sourceTree = "<group>"; };
		3888B67621E353AD00CAD714 /* MasterViewController.swift */ = {isa = PBXFileReference; lastKnownFileType = sourcecode.swift; path = MasterViewController.swift; sourceTree = "<group>"; };
		3888B67821E356A600CAD714 /* DetailViewController.swift */ = {isa = PBXFileReference; lastKnownFileType = sourcecode.swift; path = DetailViewController.swift; sourceTree = "<group>"; };
		3888B67A21E3599000CAD714 /* Monster.swift */ = {isa = PBXFileReference; lastKnownFileType = sourcecode.swift; path = Monster.swift; sourceTree = "<group>"; };
/* End PBXFileReference section */

/* Begin PBXFrameworksBuildPhase section */
		3888B65E21E3518000CAD714 /* Frameworks */ = {
			isa = PBXFrameworksBuildPhase;
			buildActionMask = 2147483647;
			files = (
			);
			runOnlyForDeploymentPostprocessing = 0;
		};
/* End PBXFrameworksBuildPhase section */

/* Begin PBXGroup section */
		3888B65821E3518000CAD714 = {
			isa = PBXGroup;
			children = (
				3888B66321E3518000CAD714 /* MathMonsters */,
				3888B66221E3518000CAD714 /* Products */,
			);
			sourceTree = "<group>";
		};
		3888B66221E3518000CAD714 /* Products */ = {
			isa = PBXGroup;
			children = (
				3888B66121E3518000CAD714 /* MathMonsters.app */,
			);
			name = Products;
			sourceTree = "<group>";
		};
		3888B66321E3518000CAD714 /* MathMonsters */ = {
			isa = PBXGroup;
			children = (
				3888B66421E3518000CAD714 /* AppDelegate.swift */,
				3888B66621E3518000CAD714 /* ViewController.swift */,
				3888B66821E3518000CAD714 /* Main.storyboard */,
				3888B66B21E3518100CAD714 /* Assets.xcassets */,
				3888B66D21E3518100CAD714 /* LaunchScreen.storyboard */,
				3888B67021E3518100CAD714 /* Info.plist */,
				3888B67621E353AD00CAD714 /* MasterViewController.swift */,
				3888B67821E356A600CAD714 /* DetailViewController.swift */,
				3888B67A21E3599000CAD714 /* Monster.swift */,
			);
			path = MathMonsters;
			sourceTree = "<group>";
		};
/* End PBXGroup section */

/* Begin PBXNativeTarget section */
		3888B66021E3518000CAD714 /* MathMonsters */ = {
			isa = PBXNativeTarget;
			buildConfigurationList = 3888B67321E3518100CAD714 /* Build configuration list for PBXNativeTarget "MathMonsters" */;
			buildPhases = (
				3888B65D21E3518000CAD714 /* Sources */,
				3888B65E21E3518000CAD714 /* Frameworks */,
				3888B65F21E3518000CAD714 /* Resources */,
			);
			buildRules = (
			);
			dependencies = (
			);
			name = MathMonsters;
			productName = MathMonsters;
			productReference = 3888B66121E3518000CAD714 /* MathMonsters.app */;
			productType = "com.apple.product-type.application";
		};
/* End PBXNativeTarget section */

/* Begin PBXProject section */
		3888B65921E3518000CAD714 /* Project object */ = {
			isa = PBXProject;
			attributes = {
				LastSwiftUpdateCheck = 1010;
				LastUpgradeCheck = 1010;
				ORGANIZATIONNAME = Alisha;
				TargetAttributes = {
					3888B66021E3518000CAD714 = {
						CreatedOnToolsVersion = 10.1;
					};
				};
			};
			buildConfigurationList = 3888B65C21E3518000CAD714 /* Build configuration list for PBXProject "MathMonsters" */;
			compatibilityVersion = "Xcode 9.3";
			developmentRegion = en;
			hasScannedForEncodings = 0;
			knownRegions = (
				en,
				Base,
			);
			mainGroup = 3888B65821E3518000CAD714;
			productRefGroup = 3888B66221E3518000CAD714 /* Products */;
			projectDirPath = "";
			projectRoot = "";
			targets = (
				3888B66021E3518000CAD714 /* MathMonsters */,
			);
		};
/* End PBXProject section */

/* Begin PBXResourcesBuildPhase section */
		3888B65F21E3518000CAD714 /* Resources */ = {
			isa = PBXResourcesBuildPhase;
			buildActionMask = 2147483647;
			files = (
				3888B66F21E3518100CAD714 /* LaunchScreen.storyboard in Resources */,
				3888B66C21E3518100CAD714 /* Assets.xcassets in Resources */,
				3888B66A21E3518000CAD714 /* Main.storyboard in Resources */,
			);
			runOnlyForDeploymentPostprocessing = 0;
		};
/* End PBXResourcesBuildPhase section */

/* Begin PBXSourcesBuildPhase section */
		3888B65D21E3518000CAD714 /* Sources */ = {
			isa = PBXSourcesBuildPhase;
			buildActionMask = 2147483647;
			files = (
				3888B67B21E3599000CAD714 /* Monster.swift in Sources */,
				3888B66721E3518000CAD714 /* ViewController.swift in Sources */,
				3888B66521E3518000CAD714 /* AppDelegate.swift in Sources */,
				3888B67721E353AD00CAD714 /* MasterViewController.swift in Sources */,
				3888B67921E356A600CAD714 /* DetailViewController.swift in Sources */,
			);
			runOnlyForDeploymentPostprocessing = 0;
		};
/* End PBXSourcesBuildPhase section */

/* Begin PBXVariantGroup section */
		3888B66821E3518000CAD714 /* Main.storyboard */ = {
			isa = PBXVariantGroup;
			children = (
				3888B66921E3518000CAD714 /* Base */,
			);
			name = Main.storyboard;
			sourceTree = "<group>";
		};
		3888B66D21E3518100CAD714 /* LaunchScreen.storyboard */ = {
			isa = PBXVariantGroup;
			children = (
				3888B66E21E3518100CAD714 /* Base */,
			);
			name = LaunchScreen.storyboard;
			sourceTree = "<group>";
		};
/* End PBXVariantGroup section */

/* Begin XCBuildConfiguration section */
		3888B67121E3518100CAD714 /* Debug */ = {
			isa = XCBuildConfiguration;
			buildSettings = {
				ALWAYS_SEARCH_USER_PATHS = NO;
				CLANG_ANALYZER_NONNULL = YES;
				CLANG_ANALYZER_NUMBER_OBJECT_CONVERSION = YES_AGGRESSIVE;
				CLANG_CXX_LANGUAGE_STANDARD = "gnu++14";
				CLANG_CXX_LIBRARY = "libc++";
				CLANG_ENABLE_MODULES = YES;
				CLANG_ENABLE_OBJC_ARC = YES;
				CLANG_ENABLE_OBJC_WEAK = YES;
				CLANG_WARN_BLOCK_CAPTURE_AUTORELEASING = YES;
				CLANG_WARN_BOOL_CONVERSION = YES;
				CLANG_WARN_COMMA = YES;
				CLANG_WARN_CONSTANT_CONVERSION = YES;
				CLANG_WARN_DEPRECATED_OBJC_IMPLEMENTATIONS = YES;
				CLANG_WARN_DIRECT_OBJC_ISA_USAGE = YES_ERROR;
				CLANG_WARN_DOCUMENTATION_COMMENTS = YES;
				CLANG_WARN_EMPTY_BODY = YES;
				CLANG_WARN_ENUM_CONVERSION = YES;
				CLANG_WARN_INFINITE_RECURSION = YES;
				CLANG_WARN_INT_CONVERSION = YES;
				CLANG_WARN_NON_LITERAL_NULL_CONVERSION = YES;
				CLANG_WARN_OBJC_IMPLICIT_RETAIN_SELF = YES;
				CLANG_WARN_OBJC_LITERAL_CONVERSION = YES;
				CLANG_WARN_OBJC_ROOT_CLASS = YES_ERROR;
				CLANG_WARN_RANGE_LOOP_ANALYSIS = YES;
				CLANG_WARN_STRICT_PROTOTYPES = YES;
				CLANG_WARN_SUSPICIOUS_MOVE = YES;
				CLANG_WARN_UNGUARDED_AVAILABILITY = YES_AGGRESSIVE;
				CLANG_WARN_UNREACHABLE_CODE = YES;
				CLANG_WARN__DUPLICATE_METHOD_MATCH = YES;
				CODE_SIGN_IDENTITY = "iPhone Developer";
				COPY_PHASE_STRIP = NO;
				DEBUG_INFORMATION_FORMAT = dwarf;
				ENABLE_STRICT_OBJC_MSGSEND = YES;
				ENABLE_TESTABILITY = YES;
				GCC_C_LANGUAGE_STANDARD = gnu11;
				GCC_DYNAMIC_NO_PIC = NO;
				GCC_NO_COMMON_BLOCKS = YES;
				GCC_OPTIMIZATION_LEVEL = 0;
				GCC_PREPROCESSOR_DEFINITIONS = (
					"DEBUG=1",
					"$(inherited)",
				);
				GCC_WARN_64_TO_32_BIT_CONVERSION = YES;
				GCC_WARN_ABOUT_RETURN_TYPE = YES_ERROR;
				GCC_WARN_UNDECLARED_SELECTOR = YES;
				GCC_WARN_UNINITIALIZED_AUTOS = YES_AGGRESSIVE;
				GCC_WARN_UNUSED_FUNCTION = YES;
				GCC_WARN_UNUSED_VARIABLE = YES;
				IPHONEOS_DEPLOYMENT_TARGET = 12.1;
				MTL_ENABLE_DEBUG_INFO = INCLUDE_SOURCE;
				MTL_FAST_MATH = YES;
				ONLY_ACTIVE_ARCH = YES;
				SDKROOT = iphoneos;
				SWIFT_ACTIVE_COMPILATION_CONDITIONS = DEBUG;
				SWIFT_OPTIMIZATION_LEVEL = "-Onone";
			};
			name = Debug;
		};
		3888B67221E3518100CAD714 /* Release */ = {
			isa = XCBuildConfiguration;
			buildSettings = {
				ALWAYS_SEARCH_USER_PATHS = NO;
				CLANG_ANALYZER_NONNULL = YES;
				CLANG_ANALYZER_NUMBER_OBJECT_CONVERSION = YES_AGGRESSIVE;
				CLANG_CXX_LANGUAGE_STANDARD = "gnu++14";
				CLANG_CXX_LIBRARY = "libc++";
				CLANG_ENABLE_MODULES = YES;
				CLANG_ENABLE_OBJC_ARC = YES;
				CLANG_ENABLE_OBJC_WEAK = YES;
				CLANG_WARN_BLOCK_CAPTURE_AUTORELEASING = YES;
				CLANG_WARN_BOOL_CONVERSION = YES;
				CLANG_WARN_COMMA = YES;
				CLANG_WARN_CONSTANT_CONVERSION = YES;
				CLANG_WARN_DEPRECATED_OBJC_IMPLEMENTATIONS = YES;
				CLANG_WARN_DIRECT_OBJC_ISA_USAGE = YES_ERROR;
				CLANG_WARN_DOCUMENTATION_COMMENTS = YES;
				CLANG_WARN_EMPTY_BODY = YES;
				CLANG_WARN_ENUM_CONVERSION = YES;
				CLANG_WARN_INFINITE_RECURSION = YES;
				CLANG_WARN_INT_CONVERSION = YES;
				CLANG_WARN_NON_LITERAL_NULL_CONVERSION = YES;
				CLANG_WARN_OBJC_IMPLICIT_RETAIN_SELF = YES;
				CLANG_WARN_OBJC_LITERAL_CONVERSION = YES;
				CLANG_WARN_OBJC_ROOT_CLASS = YES_ERROR;
				CLANG_WARN_RANGE_LOOP_ANALYSIS = YES;
				CLANG_WARN_STRICT_PROTOTYPES = YES;
				CLANG_WARN_SUSPICIOUS_MOVE = YES;
				CLANG_WARN_UNGUARDED_AVAILABILITY = YES_AGGRESSIVE;
				CLANG_WARN_UNREACHABLE_CODE = YES;
				CLANG_WARN__DUPLICATE_METHOD_MATCH = YES;
				CODE_SIGN_IDENTITY = "iPhone Developer";
				COPY_PHASE_STRIP = NO;
				DEBUG_INFORMATION_FORMAT = "dwarf-with-dsym";
				ENABLE_NS_ASSERTIONS = NO;
				ENABLE_STRICT_OBJC_MSGSEND = YES;
				GCC_C_LANGUAGE_STANDARD = gnu11;
				GCC_NO_COMMON_BLOCKS = YES;
				GCC_WARN_64_TO_32_BIT_CONVERSION = YES;
				GCC_WARN_ABOUT_RETURN_TYPE = YES_ERROR;
				GCC_WARN_UNDECLARED_SELECTOR = YES;
				GCC_WARN_UNINITIALIZED_AUTOS = YES_AGGRESSIVE;
				GCC_WARN_UNUSED_FUNCTION = YES;
				GCC_WARN_UNUSED_VARIABLE = YES;
				IPHONEOS_DEPLOYMENT_TARGET = 12.1;
				MTL_ENABLE_DEBUG_INFO = NO;
				MTL_FAST_MATH = YES;
				SDKROOT = iphoneos;
				SWIFT_COMPILATION_MODE = wholemodule;
				SWIFT_OPTIMIZATION_LEVEL = "-O";
				VALIDATE_PRODUCT = YES;
			};
			name = Release;
		};
		3888B67421E3518100CAD714 /* Debug */ = {
			isa = XCBuildConfiguration;
			buildSettings = {
				ASSETCATALOG_COMPILER_APPICON_NAME = AppIcon;
				CODE_SIGN_STYLE = Automatic;
				INFOPLIST_FILE = MathMonsters/Info.plist;
				LD_RUNPATH_SEARCH_PATHS = (
					"$(inherited)",
					"@executable_path/Frameworks",
				);
				PRODUCT_BUNDLE_IDENTIFIER = com.alisha.MathMonsters;
				PRODUCT_NAME = "$(TARGET_NAME)";
				SWIFT_VERSION = 4.2;
				TARGETED_DEVICE_FAMILY = "1,2";
			};
			name = Debug;
		};
		3888B67521E3518100CAD714 /* Release */ = {
			isa = XCBuildConfiguration;
			buildSettings = {
				ASSETCATALOG_COMPILER_APPICON_NAME = AppIcon;
				CODE_SIGN_STYLE = Automatic;
				INFOPLIST_FILE = MathMonsters/Info.plist;
				LD_RUNPATH_SEARCH_PATHS = (
					"$(inherited)",
					"@executable_path/Frameworks",
				);
				PRODUCT_BUNDLE_IDENTIFIER = com.alisha.MathMonsters;
				PRODUCT_NAME = "$(TARGET_NAME)";
				SWIFT_VERSION = 4.2;
				TARGETED_DEVICE_FAMILY = "1,2";
			};
			name = Release;
		};
/* End XCBuildConfiguration section */

/* Begin XCConfigurationList section */
		3888B65C21E3518000CAD714 /* Build configuration list for PBXProject "MathMonsters" */ = {
			isa = XCConfigurationList;
			buildConfigurations = (
				3888B67121E3518100CAD714 /* Debug */,
				3888B67221E3518100CAD714 /* Release */,
			);
			defaultConfigurationIsVisible = 0;
			defaultConfigurationName = Release;
		};
		3888B67321E3518100CAD714 /* Build configuration list for PBXNativeTarget "MathMonsters" */ = {
			isa = XCConfigurationList;
			buildConfigurations = (
				3888B67421E3518100CAD714 /* Debug */,
				3888B67521E3518100CAD714 /* Release */,
			);
			defaultConfigurationIsVisible = 0;
			defaultConfigurationName = Release;
		};
/* End XCConfigurationList section */
	};
	rootObject = 3888B65921E3518000CAD714 /* Project object */;
}
